
Microsoft Visual Studio Solution File, Format Version 12.00
# Visual Studio Version 17
VisualStudioVersion = 17.14.36429.23 d17.14
MinimumVisualStudioVersion = 10.0.40219.1
Project("{FAE04EC0-301F-11D3-BF4B-00C04F79EFBC}") = "BookMyHome", "BookMyHome\BookMyHome\BookMyHome.csproj", "{C56EE5F4-29B9-4489-973A-C3852430E0FB}"
EndProject
Project("{FAE04EC0-301F-11D3-BF4B-00C04F79EFBC}") = "BookMyHome.Client", "BookMyHome\BookMyHome.Client\BookMyHome.Client.csproj", "{91E1F542-A1AB-4231-A043-6E6E0989132D}"
EndProject
Project("{FAE04EC0-301F-11D3-BF4B-00C04F79EFBC}") = "Domain", "Domain\Domain.csproj", "{DCAE83E3-AC36-41C6-B0B6-B4277470EE17}"
EndProject
Project("{FAE04EC0-301F-11D3-BF4B-00C04F79EFBC}") = "Infrastructure", "Infrastructure\Infrastructure.csproj", "{E8770811-6A4C-4272-B6D5-932D5ED4AB26}"
EndProject
Project("{FAE04EC0-301F-11D3-BF4B-00C04F79EFBC}") = "Application", "Application\Application.csproj", "{B01EF2D9-AFEA-413B-95CA-FED708D71EFA}"
EndProject
Global
	GlobalSection(SolutionConfigurationPlatforms) = preSolution
		Debug|Any CPU = Debug|Any CPU
		Release|Any CPU = Release|Any CPU
	EndGlobalSection
	GlobalSection(ProjectConfigurationPlatforms) = postSolution
		{C56EE5F4-29B9-4489-973A-C3852430E0FB}.Debug|Any CPU.ActiveCfg = Debug|Any CPU
		{C56EE5F4-29B9-4489-973A-C3852430E0FB}.Debug|Any CPU.Build.0 = Debug|Any CPU
		{C56EE5F4-29B9-4489-973A-C3852430E0FB}.Release|Any CPU.ActiveCfg = Release|Any CPU
		{C56EE5F4-29B9-4489-973A-C3852430E0FB}.Release|Any CPU.Build.0 = Release|Any CPU
		{91E1F542-A1AB-4231-A043-6E6E0989132D}.Debug|Any CPU.ActiveCfg = Debug|Any CPU
		{91E1F542-A1AB-4231-A043-6E6E0989132D}.Debug|Any CPU.Build.0 = Debug|Any CPU
		{91E1F542-A1AB-4231-A043-6E6E0989132D}.Release|Any CPU.ActiveCfg = Release|Any CPU
		{91E1F542-A1AB-4231-A043-6E6E0989132D}.Release|Any CPU.Build.0 = Release|Any CPU
		{DCAE83E3-AC36-41C6-B0B6-B4277470EE17}.Debug|Any CPU.ActiveCfg = Debug|Any CPU
		{DCAE83E3-AC36-41C6-B0B6-B4277470EE17}.Debug|Any CPU.Build.0 = Debug|Any CPU
		{DCAE83E3-AC36-41C6-B0B6-B4277470EE17}.Release|Any CPU.ActiveCfg = Release|Any CPU
		{DCAE83E3-AC36-41C6-B0B6-B4277470EE17}.Release|Any CPU.Build.0 = Release|Any CPU
		{E8770811-6A4C-4272-B6D5-932D5ED4AB26}.Debug|Any CPU.ActiveCfg = Debug|Any CPU
		{E8770811-6A4C-4272-B6D5-932D5ED4AB26}.Debug|Any CPU.Build.0 = Debug|Any CPU
		{E8770811-6A4C-4272-B6D5-932D5ED4AB26}.Release|Any CPU.ActiveCfg = Release|Any CPU
		{E8770811-6A4C-4272-B6D5-932D5ED4AB26}.Release|Any CPU.Build.0 = Release|Any CPU
		{B01EF2D9-AFEA-413B-95CA-FED708D71EFA}.Debug|Any CPU.ActiveCfg = Debug|Any CPU
		{B01EF2D9-AFEA-413B-95CA-FED708D71EFA}.Debug|Any CPU.Build.0 = Debug|Any CPU
		{B01EF2D9-AFEA-413B-95CA-FED708D71EFA}.Release|Any CPU.ActiveCfg = Release|Any CPU
		{B01EF2D9-AFEA-413B-95CA-FED708D71EFA}.Release|Any CPU.Build.0 = Release|Any CPU
	EndGlobalSection
	GlobalSection(SolutionProperties) = preSolution
		HideSolutionNode = FALSE
	EndGlobalSection
	GlobalSection(ExtensibilityGlobals) = postSolution
		SolutionGuid = {EF1423B7-23CB-423F-AEF9-BD2BA3004CCB}
	EndGlobalSection
EndGlobal
